// !$*UTF8*$!
{
	archiveVersion = 1;
	classes = {
	};
	objectVersion = 50;
	objects = {

/* Begin PBXBuildFile section */
		353A418321425122009B4C78 /* AppDelegate.swift in Sources */ = {isa = PBXBuildFile; fileRef = 353A418221425122009B4C78 /* AppDelegate.swift */; };
		353A418521425122009B4C78 /* ViewController.swift in Sources */ = {isa = PBXBuildFile; fileRef = 353A418421425122009B4C78 /* ViewController.swift */; };
		353A418821425122009B4C78 /* Main.storyboard in Resources */ = {isa = PBXBuildFile; fileRef = 353A418621425122009B4C78 /* Main.storyboard */; };
		353A418A21425123009B4C78 /* Assets.xcassets in Resources */ = {isa = PBXBuildFile; fileRef = 353A418921425123009B4C78 /* Assets.xcassets */; };
		353A418D21425123009B4C78 /* LaunchScreen.storyboard in Resources */ = {isa = PBXBuildFile; fileRef = 353A418B21425123009B4C78 /* LaunchScreen.storyboard */; };
		353A419F21425312009B4C78 /* 3.jpg in Resources */ = {isa = PBXBuildFile; fileRef = 353A419421425311009B4C78 /* 3.jpg */; };
		353A41A021425312009B4C78 /* library.png in Resources */ = {isa = PBXBuildFile; fileRef = 353A419521425311009B4C78 /* library.png */; };
		353A41A121425312009B4C78 /* back.jpg in Resources */ = {isa = PBXBuildFile; fileRef = 353A419621425311009B4C78 /* back.jpg */; };
		353A41A221425312009B4C78 /* camera.png in Resources */ = {isa = PBXBuildFile; fileRef = 353A419721425311009B4C78 /* camera.png */; };
		353A41A321425312009B4C78 /* saveAlbum.png in Resources */ = {isa = PBXBuildFile; fileRef = 353A419821425311009B4C78 /* saveAlbum.png */; };
		353A41A421425312009B4C78 /* 5.jpg in Resources */ = {isa = PBXBuildFile; fileRef = 353A419921425312009B4C78 /* 5.jpg */; };
		353A41A521425312009B4C78 /* shareAction.png in Resources */ = {isa = PBXBuildFile; fileRef = 353A419A21425312009B4C78 /* shareAction.png */; };
		353A41A621425312009B4C78 /* 1.jpg in Resources */ = {isa = PBXBuildFile; fileRef = 353A419B21425312009B4C78 /* 1.jpg */; };
		353A41A721425312009B4C78 /* 2.jpg in Resources */ = {isa = PBXBuildFile; fileRef = 353A419C21425312009B4C78 /* 2.jpg */; };
		353A41A821425312009B4C78 /* 0.jpg in Resources */ = {isa = PBXBuildFile; fileRef = 353A419D21425312009B4C78 /* 0.jpg */; };
		353A41A921425312009B4C78 /* 4.jpg in Resources */ = {isa = PBXBuildFile; fileRef = 353A419E21425312009B4C78 /* 4.jpg */; };
		353A41AB21425C2A009B4C78 /* EditViewController.swift in Sources */ = {isa = PBXBuildFile; fileRef = 353A41AA21425C2A009B4C78 /* EditViewController.swift */; };
/* End PBXBuildFile section */

/* Begin PBXFileReference section */
		353A417F21425122009B4C78 /* Instagram1.app */ = {isa = PBXFileReference; explicitFileType = wrapper.application; includeInIndex = 0; path = Instagram1.app; sourceTree = BUILT_PRODUCTS_DIR; };
		353A418221425122009B4C78 /* AppDelegate.swift */ = {isa = PBXFileReference; lastKnownFileType = sourcecode.swift; path = AppDelegate.swift; sourceTree = "<group>"; };
		353A418421425122009B4C78 /* ViewController.swift */ = {isa = PBXFileReference; lastKnownFileType = sourcecode.swift; path = ViewController.swift; sourceTree = "<group>"; };
		353A418721425122009B4C78 /* Base */ = {isa = PBXFileReference; lastKnownFileType = file.storyboard; name = Base; path = Base.lproj/Main.storyboard; sourceTree = "<group>"; };
		353A418921425123009B4C78 /* Assets.xcassets */ = {isa = PBXFileReference; lastKnownFileType = folder.assetcatalog; path = Assets.xcassets; sourceTree = "<group>"; };
		353A418C21425123009B4C78 /* Base */ = {isa = PBXFileReference; lastKnownFileType = file.storyboard; name = Base; path = Base.lproj/LaunchScreen.storyboard; sourceTree = "<group>"; };
		353A418E21425123009B4C78 /* Info.plist */ = {isa = PBXFileReference; lastKnownFileType = text.plist.xml; path = Info.plist; sourceTree = "<group>"; };
		353A419421425311009B4C78 /* 3.jpg */ = {isa = PBXFileReference; lastKnownFileType = image.jpeg; path = 3.jpg; sourceTree = "<group>"; };
		353A419521425311009B4C78 /* library.png */ = {isa = PBXFileReference; lastKnownFileType = image.png; path = library.png; sourceTree = "<group>"; };
		353A419621425311009B4C78 /* back.jpg */ = {isa = PBXFileReference; lastKnownFileType = image.jpeg; path = back.jpg; sourceTree = "<group>"; };
		353A419721425311009B4C78 /* camera.png */ = {isa = PBXFileReference; lastKnownFileType = image.png; path = camera.png; sourceTree = "<group>"; };
		353A419821425311009B4C78 /* saveAlbum.png */ = {isa = PBXFileReference; lastKnownFileType = image.png; path = saveAlbum.png; sourceTree = "<group>"; };
		353A419921425312009B4C78 /* 5.jpg */ = {isa = PBXFileReference; lastKnownFileType = image.jpeg; path = 5.jpg; sourceTree = "<group>"; };
		353A419A21425312009B4C78 /* shareAction.png */ = {isa = PBXFileReference; lastKnownFileType = image.png; path = shareAction.png; sourceTree = "<group>"; };
		353A419B21425312009B4C78 /* 1.jpg */ = {isa = PBXFileReference; lastKnownFileType = image.jpeg; path = 1.jpg; sourceTree = "<group>"; };
		353A419C21425312009B4C78 /* 2.jpg */ = {isa = PBXFileReference; lastKnownFileType = image.jpeg; path = 2.jpg; sourceTree = "<group>"; };
		353A419D21425312009B4C78 /* 0.jpg */ = {isa = PBXFileReference; lastKnownFileType = image.jpeg; path = 0.jpg; sourceTree = "<group>"; };
		353A419E21425312009B4C78 /* 4.jpg */ = {isa = PBXFileReference; lastKnownFileType = image.jpeg; path = 4.jpg; sourceTree = "<group>"; };
		353A41AA21425C2A009B4C78 /* EditViewController.swift */ = {isa = PBXFileReference; lastKnownFileType = sourcecode.swift; path = EditViewController.swift; sourceTree = "<group>"; };
/* End PBXFileReference section */

/* Begin PBXFrameworksBuildPhase section */
		353A417C21425122009B4C78 /* Frameworks */ = {
			isa = PBXFrameworksBuildPhase;
			buildActionMask = 2147483647;
			files = (
			);
			runOnlyForDeploymentPostprocessing = 0;
		};
/* End PBXFrameworksBuildPhase section */

/* Begin PBXGroup section */
		353A417621425122009B4C78 = {
			isa = PBXGroup;
			children = (
				353A418121425122009B4C78 /* Instagram1 */,
				353A418021425122009B4C78 /* Products */,
			);
			sourceTree = "<group>";
		};
		353A418021425122009B4C78 /* Products */ = {
			isa = PBXGroup;
			children = (
				353A417F21425122009B4C78 /* Instagram1.app */,
			);
			name = Products;
			sourceTree = "<group>";
		};
		353A418121425122009B4C78 /* Instagram1 */ = {
			isa = PBXGroup;
			children = (
				353A419D21425312009B4C78 /* 0.jpg */,
				353A419B21425312009B4C78 /* 1.jpg */,
				353A419C21425312009B4C78 /* 2.jpg */,
				353A419421425311009B4C78 /* 3.jpg */,
				353A419E21425312009B4C78 /* 4.jpg */,
				353A419921425312009B4C78 /* 5.jpg */,
				353A419621425311009B4C78 /* back.jpg */,
				353A419721425311009B4C78 /* camera.png */,
				353A419521425311009B4C78 /* library.png */,
				353A419821425311009B4C78 /* saveAlbum.png */,
				353A419A21425312009B4C78 /* shareAction.png */,
				353A418221425122009B4C78 /* AppDelegate.swift */,
				353A418421425122009B4C78 /* ViewController.swift */,
				353A41AA21425C2A009B4C78 /* EditViewController.swift */,
				353A418621425122009B4C78 /* Main.storyboard */,
				353A418921425123009B4C78 /* Assets.xcassets */,
				353A418B21425123009B4C78 /* LaunchScreen.storyboard */,
				353A418E21425123009B4C78 /* Info.plist */,
			);
			path = Instagram1;
			sourceTree = "<group>";
		};
/* End PBXGroup section */

/* Begin PBXNativeTarget section */
		353A417E21425122009B4C78 /* Instagram1 */ = {
			isa = PBXNativeTarget;
			buildConfigurationList = 353A419121425123009B4C78 /* Build configuration list for PBXNativeTarget "Instagram1" */;
			buildPhases = (
				353A417B21425122009B4C78 /* Sources */,
				353A417C21425122009B4C78 /* Frameworks */,
				353A417D21425122009B4C78 /* Resources */,
			);
			buildRules = (
			);
			dependencies = (
			);
			name = Instagram1;
			productName = Instagram1;
			productReference = 353A417F21425122009B4C78 /* Instagram1.app */;
			productType = "com.apple.product-type.application";
		};
/* End PBXNativeTarget section */

/* Begin PBXProject section */
		353A417721425122009B4C78 /* Project object */ = {
			isa = PBXProject;
			attributes = {
				LastSwiftUpdateCheck = 0940;
				LastUpgradeCheck = 0940;
				ORGANIZATIONNAME = aimi;
				TargetAttributes = {
					353A417E21425122009B4C78 = {
						CreatedOnToolsVersion = 9.4.1;
						LastSwiftMigration = 1010;
					};
				};
			};
			buildConfigurationList = 353A417A21425122009B4C78 /* Build configuration list for PBXProject "Instagram1" */;
			compatibilityVersion = "Xcode 9.3";
			developmentRegion = en;
			hasScannedForEncodings = 0;
			knownRegions = (
				en,
				Base,
			);
			mainGroup = 353A417621425122009B4C78;
			productRefGroup = 353A418021425122009B4C78 /* Products */;
			projectDirPath = "";
			projectRoot = "";
			targets = (
				353A417E21425122009B4C78 /* Instagram1 */,
			);
		};
/* End PBXProject section */

/* Begin PBXResourcesBuildPhase section */
		353A417D21425122009B4C78 /* Resources */ = {
			isa = PBXResourcesBuildPhase;
			buildActionMask = 2147483647;
			files = (
				353A41A621425312009B4C78 /* 1.jpg in Resources */,
				353A41A321425312009B4C78 /* saveAlbum.png in Resources */,
				353A41A521425312009B4C78 /* shareAction.png in Resources */,
				353A41A021425312009B4C78 /* library.png in Resources */,
				353A41A221425312009B4C78 /* camera.png in Resources */,
				353A41A421425312009B4C78 /* 5.jpg in Resources */,
				353A41A821425312009B4C78 /* 0.jpg in Resources */,
				353A41A721425312009B4C78 /* 2.jpg in Resources */,
				353A41A921425312009B4C78 /* 4.jpg in Resources */,
				353A418D21425123009B4C78 /* LaunchScreen.storyboard in Resources */,
				353A418A21425123009B4C78 /* Assets.xcassets in Resources */,
				353A418821425122009B4C78 /* Main.storyboard in Resources */,
				353A41A121425312009B4C78 /* back.jpg in Resources */,
				353A419F21425312009B4C78 /* 3.jpg in Resources */,
			);
			runOnlyForDeploymentPostprocessing = 0;
		};
/* End PBXResourcesBuildPhase section */

/* Begin PBXSourcesBuildPhase section */
		353A417B21425122009B4C78 /* Sources */ = {
			isa = PBXSourcesBuildPhase;
			buildActionMask = 2147483647;
			files = (
				353A418521425122009B4C78 /* ViewController.swift in Sources */,
				353A418321425122009B4C78 /* AppDelegate.swift in Sources */,
				353A41AB21425C2A009B4C78 /* EditViewController.swift in Sources */,
			);
			runOnlyForDeploymentPostprocessing = 0;
		};
/* End PBXSourcesBuildPhase section */

/* Begin PBXVariantGroup section */
		353A418621425122009B4C78 /* Main.storyboard */ = {
			isa = PBXVariantGroup;
			children = (
				353A418721425122009B4C78 /* Base */,
			);
			name = Main.storyboard;
			sourceTree = "<group>";
		};
		353A418B21425123009B4C78 /* LaunchScreen.storyboard */ = {
			isa = PBXVariantGroup;
			children = (
				353A418C21425123009B4C78 /* Base */,
			);
			name = LaunchScreen.storyboard;
			sourceTree = "<group>";
		};
/* End PBXVariantGroup section */

/* Begin XCBuildConfiguration section */
		353A418F21425123009B4C78 /* Debug */ = {
			isa = XCBuildConfiguration;
			buildSettings = {
				ALWAYS_SEARCH_USER_PATHS = NO;
				CLANG_ANALYZER_NONNULL = YES;
				CLANG_ANALYZER_NUMBER_OBJECT_CONVERSION = YES_AGGRESSIVE;
				CLANG_CXX_LANGUAGE_STANDARD = "gnu++14";
				CLANG_CXX_LIBRARY = "libc++";
				CLANG_ENABLE_MODULES = YES;
				CLANG_ENABLE_OBJC_ARC = YES;
				CLANG_ENABLE_OBJC_WEAK = YES;
				CLANG_WARN_BLOCK_CAPTURE_AUTORELEASING = YES;
				CLANG_WARN_BOOL_CONVERSION = YES;
				CLANG_WARN_COMMA = YES;
				CLANG_WARN_CONSTANT_CONVERSION = YES;
				CLANG_WARN_DEPRECATED_OBJC_IMPLEMENTATIONS = YES;
				CLANG_WARN_DIRECT_OBJC_ISA_USAGE = YES_ERROR;
				CLANG_WARN_DOCUMENTATION_COMMENTS = YES;
				CLANG_WARN_EMPTY_BODY = YES;
				CLANG_WARN_ENUM_CONVERSION = YES;
				CLANG_WARN_INFINITE_RECURSION = YES;
				CLANG_WARN_INT_CONVERSION = YES;
				CLANG_WARN_NON_LITERAL_NULL_CONVERSION = YES;
				CLANG_WARN_OBJC_IMPLICIT_RETAIN_SELF = YES;
				CLANG_WARN_OBJC_LITERAL_CONVERSION = YES;
				CLANG_WARN_OBJC_ROOT_CLASS = YES_ERROR;
				CLANG_WARN_RANGE_LOOP_ANALYSIS = YES;
				CLANG_WARN_STRICT_PROTOTYPES = YES;
				CLANG_WARN_SUSPICIOUS_MOVE = YES;
				CLANG_WARN_UNGUARDED_AVAILABILITY = YES_AGGRESSIVE;
				CLANG_WARN_UNREACHABLE_CODE = YES;
				CLANG_WARN__DUPLICATE_METHOD_MATCH = YES;
				CODE_SIGN_IDENTITY = "iPhone Developer";
				COPY_PHASE_STRIP = NO;
				DEBUG_INFORMATION_FORMAT = dwarf;
				ENABLE_STRICT_OBJC_MSGSEND = YES;
				ENABLE_TESTABILITY = YES;
				GCC_C_LANGUAGE_STANDARD = gnu11;
				GCC_DYNAMIC_NO_PIC = NO;
				GCC_NO_COMMON_BLOCKS = YES;
				GCC_OPTIMIZATION_LEVEL = 0;
				GCC_PREPROCESSOR_DEFINITIONS = (
					"DEBUG=1",
					"$(inherited)",
				);
				GCC_WARN_64_TO_32_BIT_CONVERSION = YES;
				GCC_WARN_ABOUT_RETURN_TYPE = YES_ERROR;
				GCC_WARN_UNDECLARED_SELECTOR = YES;
				GCC_WARN_UNINITIALIZED_AUTOS = YES_AGGRESSIVE;
				GCC_WARN_UNUSED_FUNCTION = YES;
				GCC_WARN_UNUSED_VARIABLE = YES;
				IPHONEOS_DEPLOYMENT_TARGET = 11.4;
				MTL_ENABLE_DEBUG_INFO = YES;
				ONLY_ACTIVE_ARCH = YES;
				SDKROOT = iphoneos;
				SWIFT_ACTIVE_COMPILATION_CONDITIONS = DEBUG;
				SWIFT_OPTIMIZATION_LEVEL = "-Onone";
			};
			name = Debug;
		};
		353A419021425123009B4C78 /* Release */ = {
			isa = XCBuildConfiguration;
			buildSettings = {
				ALWAYS_SEARCH_USER_PATHS = NO;
				CLANG_ANALYZER_NONNULL = YES;
				CLANG_ANALYZER_NUMBER_OBJECT_CONVERSION = YES_AGGRESSIVE;
				CLANG_CXX_LANGUAGE_STANDARD = "gnu++14";
				CLANG_CXX_LIBRARY = "libc++";
				CLANG_ENABLE_MODULES = YES;
				CLANG_ENABLE_OBJC_ARC = YES;
				CLANG_ENABLE_OBJC_WEAK = YES;
				CLANG_WARN_BLOCK_CAPTURE_AUTORELEASING = YES;
				CLANG_WARN_BOOL_CONVERSION = YES;
				CLANG_WARN_COMMA = YES;
				CLANG_WARN_CONSTANT_CONVERSION = YES;
				CLANG_WARN_DEPRECATED_OBJC_IMPLEMENTATIONS = YES;
				CLANG_WARN_DIRECT_OBJC_ISA_USAGE = YES_ERROR;
				CLANG_WARN_DOCUMENTATION_COMMENTS = YES;
				CLANG_WARN_EMPTY_BODY = YES;
				CLANG_WARN_ENUM_CONVERSION = YES;
				CLANG_WARN_INFINITE_RECURSION = YES;
				CLANG_WARN_INT_CONVERSION = YES;
				CLANG_WARN_NON_LITERAL_NULL_CONVERSION = YES;
				CLANG_WARN_OBJC_IMPLICIT_RETAIN_SELF = YES;
				CLANG_WARN_OBJC_LITERAL_CONVERSION = YES;
				CLANG_WARN_OBJC_ROOT_CLASS = YES_ERROR;
				CLANG_WARN_RANGE_LOOP_ANALYSIS = YES;
				CLANG_WARN_STRICT_PROTOTYPES = YES;
				CLANG_WARN_SUSPICIOUS_MOVE = YES;
				CLANG_WARN_UNGUARDED_AVAILABILITY = YES_AGGRESSIVE;
				CLANG_WARN_UNREACHABLE_CODE = YES;
				CLANG_WARN__DUPLICATE_METHOD_MATCH = YES;
				CODE_SIGN_IDENTITY = "iPhone Developer";
				COPY_PHASE_STRIP = NO;
				DEBUG_INFORMATION_FORMAT = "dwarf-with-dsym";
				ENABLE_NS_ASSERTIONS = NO;
				ENABLE_STRICT_OBJC_MSGSEND = YES;
				GCC_C_LANGUAGE_STANDARD = gnu11;
				GCC_NO_COMMON_BLOCKS = YES;
				GCC_WARN_64_TO_32_BIT_CONVERSION = YES;
				GCC_WARN_ABOUT_RETURN_TYPE = YES_ERROR;
				GCC_WARN_UNDECLARED_SELECTOR = YES;
				GCC_WARN_UNINITIALIZED_AUTOS = YES_AGGRESSIVE;
				GCC_WARN_UNUSED_FUNCTION = YES;
				GCC_WARN_UNUSED_VARIABLE = YES;
				IPHONEOS_DEPLOYMENT_TARGET = 11.4;
				MTL_ENABLE_DEBUG_INFO = NO;
				SDKROOT = iphoneos;
				SWIFT_COMPILATION_MODE = wholemodule;
				SWIFT_OPTIMIZATION_LEVEL = "-O";
				VALIDATE_PRODUCT = YES;
			};
			name = Release;
		};
		353A419221425123009B4C78 /* Debug */ = {
			isa = XCBuildConfiguration;
			buildSettings = {
				ASSETCATALOG_COMPILER_APPICON_NAME = AppIcon;
				CODE_SIGN_STYLE = Automatic;
				DEVELOPMENT_TEAM = KQXQN7X338;
				INFOPLIST_FILE = Instagram1/Info.plist;
				LD_RUNPATH_SEARCH_PATHS = (
					"$(inherited)",
					"@executable_path/Frameworks",
				);
				PRODUCT_BUNDLE_IDENTIFIER = com.Vliamy.Instagram1;
				PRODUCT_NAME = "$(TARGET_NAME)";
				SWIFT_VERSION = 4.2;
				TARGETED_DEVICE_FAMILY = "1,2";
			};
			name = Debug;
		};
		353A419321425123009B4C78 /* Release */ = {
			isa = XCBuildConfiguration;
			buildSettings = {
				ASSETCATALOG_COMPILER_APPICON_NAME = AppIcon;
				CODE_SIGN_STYLE = Automatic;
				DEVELOPMENT_TEAM = KQXQN7X338;
				INFOPLIST_FILE = Instagram1/Info.plist;
				LD_RUNPATH_SEARCH_PATHS = (
					"$(inherited)",
					"@executable_path/Frameworks",
				);
				PRODUCT_BUNDLE_IDENTIFIER = com.Vliamy.Instagram1;
				PRODUCT_NAME = "$(TARGET_NAME)";
				SWIFT_VERSION = 4.2;
				TARGETED_DEVICE_FAMILY = "1,2";
			};
			name = Release;
		};
/* End XCBuildConfiguration section */

/* Begin XCConfigurationList section */
		353A417A21425122009B4C78 /* Build configuration list for PBXProject "Instagram1" */ = {
			isa = XCConfigurationList;
			buildConfigurations = (
				353A418F21425123009B4C78 /* Debug */,
				353A419021425123009B4C78 /* Release */,
			);
			defaultConfigurationIsVisible = 0;
			defaultConfigurationName = Release;
		};
		353A419121425123009B4C78 /* Build configuration list for PBXNativeTarget "Instagram1" */ = {
			isa = XCConfigurationList;
			buildConfigurations = (
				353A419221425123009B4C78 /* Debug */,
				353A419321425123009B4C78 /* Release */,
			);
			defaultConfigurationIsVisible = 0;
			defaultConfigurationName = Release;
		};
/* End XCConfigurationList section */
	};
	rootObject = 353A417721425122009B4C78 /* Project object */;
}
